
Microsoft Visual Studio Solution File, Format Version 12.00
# Visual Studio Version 17
VisualStudioVersion = 17.0.31903.59
MinimumVisualStudioVersion = 10.0.40219.1
Project("{2150E333-8FDC-42A3-9474-1A3956D46DE8}") = "Feature", "Feature", "{17DD5718-6E13-4F2C-9738-B410396D4552}"
EndProject
Project("{2150E333-8FDC-42A3-9474-1A3956D46DE8}") = "Foundation", "Foundation", "{4FDA1DCD-D33E-447E-91C1-F4AE818E2CF0}"
EndProject
Project("{2150E333-8FDC-42A3-9474-1A3956D46DE8}") = "Project", "Project", "{15D97D61-D597-42EC-B7E9-E9EC8130E630}"
EndProject
Project("{2150E333-8FDC-42A3-9474-1A3956D46DE8}") = "_Solution", "_Solution", "{ADCA10F7-A1D2-407B-8074-60418168C02E}"
	ProjectSection(SolutionItems) = preProject
		.editorconfig = .editorconfig
		.gitattributes = .gitattributes
		.gitignore = .gitignore
		Directory.build.props = Directory.build.props
		Directory.build.targets = Directory.build.targets
		Docker.pubxml = Docker.pubxml
		nuget.config = nuget.config
		Packages.props = Packages.props
		README.md = README.md
	EndProjectSection
EndProject
Project("{2150E333-8FDC-42A3-9474-1A3956D46DE8}") = "_Docker", "_Docker", "{7A261AC4-6FD2-4E54-9DBE-82D78601A150}"
	ProjectSection(SolutionItems) = preProject
		docker\.env = docker\.env
		docker\docker-compose.override.yml = docker\docker-compose.override.yml
		docker\docker-compose.yml = docker\docker-compose.yml
	EndProjectSection
EndProject
Project("{2150E333-8FDC-42A3-9474-1A3956D46DE8}") = "RunJob", "RunJob", "{3A9424A9-2E43-45AA-96DB-F10DF2DE2EF7}"
	ProjectSection(SolutionItems) = preProject
		src\Feature\RunJob\Foundation.RunJob.module.json = src\Feature\RunJob\Foundation.RunJob.module.json
		src\Foundation\RunJob\Foundation.RunJob.module.json = src\Foundation\RunJob\Foundation.RunJob.module.json
		src\Feature\RunJob\README.md = src\Feature\RunJob\README.md
		src\Foundation\RunJob\README.md = src\Foundation\RunJob\README.md
	EndProjectSection
EndProject
Project("{9A19103F-16F7-4668-BE54-9A1E7A4F7556}") = "Foundation.RunJob.Platform", "src\Feature\RunJob\platform\Foundation.RunJob.Platform.csproj", "{BBB45F20-3F64-47B1-A33F-87221B5A8534}"
EndProject
Global
	GlobalSection(SolutionConfigurationPlatforms) = preSolution
		Debug|Any CPU = Debug|Any CPU
		Release|Any CPU = Release|Any CPU
	EndGlobalSection
	GlobalSection(ProjectConfigurationPlatforms) = postSolution
		{BBB45F20-3F64-47B1-A33F-87221B5A8534}.Debug|Any CPU.ActiveCfg = Debug|Any CPU
		{BBB45F20-3F64-47B1-A33F-87221B5A8534}.Debug|Any CPU.Build.0 = Debug|Any CPU
		{BBB45F20-3F64-47B1-A33F-87221B5A8534}.Release|Any CPU.ActiveCfg = Release|Any CPU
		{BBB45F20-3F64-47B1-A33F-87221B5A8534}.Release|Any CPU.Build.0 = Release|Any CPU
	EndGlobalSection
	GlobalSection(SolutionProperties) = preSolution
		HideSolutionNode = FALSE
	EndGlobalSection
	GlobalSection(NestedProjects) = preSolution
		{3A9424A9-2E43-45AA-96DB-F10DF2DE2EF7} = {17DD5718-6E13-4F2C-9738-B410396D4552}
		{BBB45F20-3F64-47B1-A33F-87221B5A8534} = {3A9424A9-2E43-45AA-96DB-F10DF2DE2EF7}
	EndGlobalSection
	GlobalSection(ExtensibilityGlobals) = postSolution
		SolutionGuid = {311DA37D-528B-43B2-A99B-E7253F841D46}
	EndGlobalSection
EndGlobal
